
Microsoft Visual Studio Solution File, Format Version 12.00
# Visual Studio Version 17
VisualStudioVersion = 17.3.32922.545
MinimumVisualStudioVersion = 10.0.40219.1
Project("{FAE04EC0-301F-11D3-BF4B-00C04F79EFBC}") = "OutputPipes", "OutputPipes\OutputPipes.csproj", "{BCE3BF1E-FAF8-4E59-A460-BFE649DD4B19}"
EndProject
Global
	GlobalSection(SolutionConfigurationPlatforms) = preSolution
		Debug|Any CPU = Debug|Any CPU
		Debug|x64 = Debug|x64
		Release|Any CPU = Release|Any CPU
		Release|x64 = Release|x64
	EndGlobalSection
	GlobalSection(ProjectConfigurationPlatforms) = postSolution
		{BCE3BF1E-FAF8-4E59-A460-BFE649DD4B19}.Debug|Any CPU.ActiveCfg = Debug|Any CPU
		{BCE3BF1E-FAF8-4E59-A460-BFE649DD4B19}.Debug|Any CPU.Build.0 = Debug|Any CPU
		{BCE3BF1E-FAF8-4E59-A460-BFE649DD4B19}.Debug|x64.ActiveCfg = Debug|x64
		{BCE3BF1E-FAF8-4E59-A460-BFE649DD4B19}.Debug|x64.Build.0 = Debug|x64
		{BCE3BF1E-FAF8-4E59-A460-BFE649DD4B19}.Release|Any CPU.ActiveCfg = Release|Any CPU
		{BCE3BF1E-FAF8-4E59-A460-BFE649DD4B19}.Release|Any CPU.Build.0 = Release|Any CPU
		{BCE3BF1E-FAF8-4E59-A460-BFE649DD4B19}.Release|x64.ActiveCfg = Release|x64
		{BCE3BF1E-FAF8-4E59-A460-BFE649DD4B19}.Release|x64.Build.0 = Release|x64
	EndGlobalSection
	GlobalSection(SolutionProperties) = preSolution
		HideSolutionNode = FALSE
	EndGlobalSection
	GlobalSection(ExtensibilityGlobals) = postSolution
		SolutionGuid = {1C1CB4BD-DFA7-46C1-B8E8-E4D148026EAA}
	EndGlobalSection
EndGlobal
